// !$*UTF8*$!
{
	archiveVersion = 1;
	classes = {
	};
	objectVersion = 50;
	objects = {

/* Begin PBXBuildFile section */
		224F726F22F0BCD9007767AE /* ApiModel.swift in Sources */ = {isa = PBXBuildFile; fileRef = 224F726E22F0BCD9007767AE /* ApiModel.swift */; };
		2290D96422EF39CD009DE230 /* AppDelegate.swift in Sources */ = {isa = PBXBuildFile; fileRef = 2290D96322EF39CD009DE230 /* AppDelegate.swift */; };
		2290D96B22EF39D2009DE230 /* Assets.xcassets in Resources */ = {isa = PBXBuildFile; fileRef = 2290D96A22EF39D2009DE230 /* Assets.xcassets */; };
		2290D96E22EF39D2009DE230 /* LaunchScreen.storyboard in Resources */ = {isa = PBXBuildFile; fileRef = 2290D96C22EF39D2009DE230 /* LaunchScreen.storyboard */; };
		2290D97622EF3A60009DE230 /* ApiInfo.storyboard in Resources */ = {isa = PBXBuildFile; fileRef = 2290D97522EF3A60009DE230 /* ApiInfo.storyboard */; };
		2290D97922EF3C65009DE230 /* CityWeatherViewController.swift in Sources */ = {isa = PBXBuildFile; fileRef = 2290D97822EF3C65009DE230 /* CityWeatherViewController.swift */; };
/* End PBXBuildFile section */

/* Begin PBXFileReference section */
		224F726E22F0BCD9007767AE /* ApiModel.swift */ = {isa = PBXFileReference; lastKnownFileType = sourcecode.swift; path = ApiModel.swift; sourceTree = "<group>"; };
		2290D96022EF39CD009DE230 /* jujuTest.app */ = {isa = PBXFileReference; explicitFileType = wrapper.application; includeInIndex = 0; path = jujuTest.app; sourceTree = BUILT_PRODUCTS_DIR; };
		2290D96322EF39CD009DE230 /* AppDelegate.swift */ = {isa = PBXFileReference; lastKnownFileType = sourcecode.swift; path = AppDelegate.swift; sourceTree = "<group>"; };
		2290D96A22EF39D2009DE230 /* Assets.xcassets */ = {isa = PBXFileReference; lastKnownFileType = folder.assetcatalog; path = Assets.xcassets; sourceTree = "<group>"; };
		2290D96D22EF39D2009DE230 /* Base */ = {isa = PBXFileReference; lastKnownFileType = file.storyboard; name = Base; path = Base.lproj/LaunchScreen.storyboard; sourceTree = "<group>"; };
		2290D96F22EF39D2009DE230 /* Info.plist */ = {isa = PBXFileReference; lastKnownFileType = text.plist.xml; path = Info.plist; sourceTree = "<group>"; };
		2290D97522EF3A60009DE230 /* ApiInfo.storyboard */ = {isa = PBXFileReference; lastKnownFileType = file.storyboard; path = ApiInfo.storyboard; sourceTree = "<group>"; };
		2290D97822EF3C65009DE230 /* CityWeatherViewController.swift */ = {isa = PBXFileReference; lastKnownFileType = sourcecode.swift; path = CityWeatherViewController.swift; sourceTree = "<group>"; };
/* End PBXFileReference section */

/* Begin PBXFrameworksBuildPhase section */
		2290D95D22EF39CD009DE230 /* Frameworks */ = {
			isa = PBXFrameworksBuildPhase;
			buildActionMask = 2147483647;
			files = (
			);
			runOnlyForDeploymentPostprocessing = 0;
		};
/* End PBXFrameworksBuildPhase section */

/* Begin PBXGroup section */
		224F726D22F0BCC7007767AE /* Model */ = {
			isa = PBXGroup;
			children = (
				224F726E22F0BCD9007767AE /* ApiModel.swift */,
			);
			path = Model;
			sourceTree = "<group>";
		};
		2290D95722EF39CD009DE230 = {
			isa = PBXGroup;
			children = (
				2290D96222EF39CD009DE230 /* jujuTest */,
				2290D96122EF39CD009DE230 /* Products */,
			);
			sourceTree = "<group>";
		};
		2290D96122EF39CD009DE230 /* Products */ = {
			isa = PBXGroup;
			children = (
				2290D96022EF39CD009DE230 /* jujuTest.app */,
			);
			name = Products;
			sourceTree = "<group>";
		};
		2290D96222EF39CD009DE230 /* jujuTest */ = {
			isa = PBXGroup;
			children = (
				224F726D22F0BCC7007767AE /* Model */,
				2290D97722EF3BF4009DE230 /* Controllers */,
				2290D97522EF3A60009DE230 /* ApiInfo.storyboard */,
				2290D96322EF39CD009DE230 /* AppDelegate.swift */,
				2290D96A22EF39D2009DE230 /* Assets.xcassets */,
				2290D96C22EF39D2009DE230 /* LaunchScreen.storyboard */,
				2290D96F22EF39D2009DE230 /* Info.plist */,
			);
			path = jujuTest;
			sourceTree = "<group>";
		};
		2290D97722EF3BF4009DE230 /* Controllers */ = {
			isa = PBXGroup;
			children = (
				2290D97822EF3C65009DE230 /* CityWeatherViewController.swift */,
			);
			path = Controllers;
			sourceTree = "<group>";
		};
/* End PBXGroup section */

/* Begin PBXNativeTarget section */
		2290D95F22EF39CD009DE230 /* jujuTest */ = {
			isa = PBXNativeTarget;
			buildConfigurationList = 2290D97222EF39D2009DE230 /* Build configuration list for PBXNativeTarget "jujuTest" */;
			buildPhases = (
				2290D95C22EF39CD009DE230 /* Sources */,
				2290D95D22EF39CD009DE230 /* Frameworks */,
				2290D95E22EF39CD009DE230 /* Resources */,
			);
			buildRules = (
			);
			dependencies = (
			);
			name = jujuTest;
			productName = jujuTest;
			productReference = 2290D96022EF39CD009DE230 /* jujuTest.app */;
			productType = "com.apple.product-type.application";
		};
/* End PBXNativeTarget section */

/* Begin PBXProject section */
		2290D95822EF39CD009DE230 /* Project object */ = {
			isa = PBXProject;
			attributes = {
				LastSwiftUpdateCheck = 1020;
				LastUpgradeCheck = 1020;
				ORGANIZATIONNAME = ITEA;
				TargetAttributes = {
					2290D95F22EF39CD009DE230 = {
						CreatedOnToolsVersion = 10.2.1;
					};
				};
			};
			buildConfigurationList = 2290D95B22EF39CD009DE230 /* Build configuration list for PBXProject "jujuTest" */;
			compatibilityVersion = "Xcode 9.3";
			developmentRegion = en;
			hasScannedForEncodings = 0;
			knownRegions = (
				en,
				Base,
			);
			mainGroup = 2290D95722EF39CD009DE230;
			productRefGroup = 2290D96122EF39CD009DE230 /* Products */;
			projectDirPath = "";
			projectRoot = "";
			targets = (
				2290D95F22EF39CD009DE230 /* jujuTest */,
			);
		};
/* End PBXProject section */

/* Begin PBXResourcesBuildPhase section */
		2290D95E22EF39CD009DE230 /* Resources */ = {
			isa = PBXResourcesBuildPhase;
			buildActionMask = 2147483647;
			files = (
				2290D96E22EF39D2009DE230 /* LaunchScreen.storyboard in Resources */,
				2290D96B22EF39D2009DE230 /* Assets.xcassets in Resources */,
				2290D97622EF3A60009DE230 /* ApiInfo.storyboard in Resources */,
			);
			runOnlyForDeploymentPostprocessing = 0;
		};
/* End PBXResourcesBuildPhase section */

/* Begin PBXSourcesBuildPhase section */
		2290D95C22EF39CD009DE230 /* Sources */ = {
			isa = PBXSourcesBuildPhase;
			buildActionMask = 2147483647;
			files = (
				2290D97922EF3C65009DE230 /* CityWeatherViewController.swift in Sources */,
				224F726F22F0BCD9007767AE /* ApiModel.swift in Sources */,
				2290D96422EF39CD009DE230 /* AppDelegate.swift in Sources */,
			);
			runOnlyForDeploymentPostprocessing = 0;
		};
/* End PBXSourcesBuildPhase section */

/* Begin PBXVariantGroup section */
		2290D96C22EF39D2009DE230 /* LaunchScreen.storyboard */ = {
			isa = PBXVariantGroup;
			children = (
				2290D96D22EF39D2009DE230 /* Base */,
			);
			name = LaunchScreen.storyboard;
			sourceTree = "<group>";
		};
/* End PBXVariantGroup section */

/* Begin XCBuildConfiguration section */
		2290D97022EF39D2009DE230 /* Debug */ = {
			isa = XCBuildConfiguration;
			buildSettings = {
				ALWAYS_SEARCH_USER_PATHS = NO;
				CLANG_ANALYZER_NONNULL = YES;
				CLANG_ANALYZER_NUMBER_OBJECT_CONVERSION = YES_AGGRESSIVE;
				CLANG_CXX_LANGUAGE_STANDARD = "gnu++14";
				CLANG_CXX_LIBRARY = "libc++";
				CLANG_ENABLE_MODULES = YES;
				CLANG_ENABLE_OBJC_ARC = YES;
				CLANG_ENABLE_OBJC_WEAK = YES;
				CLANG_WARN_BLOCK_CAPTURE_AUTORELEASING = YES;
				CLANG_WARN_BOOL_CONVERSION = YES;
				CLANG_WARN_COMMA = YES;
				CLANG_WARN_CONSTANT_CONVERSION = YES;
				CLANG_WARN_DEPRECATED_OBJC_IMPLEMENTATIONS = YES;
				CLANG_WARN_DIRECT_OBJC_ISA_USAGE = YES_ERROR;
				CLANG_WARN_DOCUMENTATION_COMMENTS = YES;
				CLANG_WARN_EMPTY_BODY = YES;
				CLANG_WARN_ENUM_CONVERSION = YES;
				CLANG_WARN_INFINITE_RECURSION = YES;
				CLANG_WARN_INT_CONVERSION = YES;
				CLANG_WARN_NON_LITERAL_NULL_CONVERSION = YES;
				CLANG_WARN_OBJC_IMPLICIT_RETAIN_SELF = YES;
				CLANG_WARN_OBJC_LITERAL_CONVERSION = YES;
				CLANG_WARN_OBJC_ROOT_CLASS = YES_ERROR;
				CLANG_WARN_RANGE_LOOP_ANALYSIS = YES;
				CLANG_WARN_STRICT_PROTOTYPES = YES;
				CLANG_WARN_SUSPICIOUS_MOVE = YES;
				CLANG_WARN_UNGUARDED_AVAILABILITY = YES_AGGRESSIVE;
				CLANG_WARN_UNREACHABLE_CODE = YES;
				CLANG_WARN__DUPLICATE_METHOD_MATCH = YES;
				CODE_SIGN_IDENTITY = "iPhone Developer";
				COPY_PHASE_STRIP = NO;
				DEBUG_INFORMATION_FORMAT = dwarf;
				ENABLE_STRICT_OBJC_MSGSEND = YES;
				ENABLE_TESTABILITY = YES;
				GCC_C_LANGUAGE_STANDARD = gnu11;
				GCC_DYNAMIC_NO_PIC = NO;
				GCC_NO_COMMON_BLOCKS = YES;
				GCC_OPTIMIZATION_LEVEL = 0;
				GCC_PREPROCESSOR_DEFINITIONS = (
					"DEBUG=1",
					"$(inherited)",
				);
				GCC_WARN_64_TO_32_BIT_CONVERSION = YES;
				GCC_WARN_ABOUT_RETURN_TYPE = YES_ERROR;
				GCC_WARN_UNDECLARED_SELECTOR = YES;
				GCC_WARN_UNINITIALIZED_AUTOS = YES_AGGRESSIVE;
				GCC_WARN_UNUSED_FUNCTION = YES;
				GCC_WARN_UNUSED_VARIABLE = YES;
				IPHONEOS_DEPLOYMENT_TARGET = 12.2;
				MTL_ENABLE_DEBUG_INFO = INCLUDE_SOURCE;
				MTL_FAST_MATH = YES;
				ONLY_ACTIVE_ARCH = YES;
				SDKROOT = iphoneos;
				SWIFT_ACTIVE_COMPILATION_CONDITIONS = DEBUG;
				SWIFT_OPTIMIZATION_LEVEL = "-Onone";
			};
			name = Debug;
		};
		2290D97122EF39D2009DE230 /* Release */ = {
			isa = XCBuildConfiguration;
			buildSettings = {
				ALWAYS_SEARCH_USER_PATHS = NO;
				CLANG_ANALYZER_NONNULL = YES;
				CLANG_ANALYZER_NUMBER_OBJECT_CONVERSION = YES_AGGRESSIVE;
				CLANG_CXX_LANGUAGE_STANDARD = "gnu++14";
				CLANG_CXX_LIBRARY = "libc++";
				CLANG_ENABLE_MODULES = YES;
				CLANG_ENABLE_OBJC_ARC = YES;
				CLANG_ENABLE_OBJC_WEAK = YES;
				CLANG_WARN_BLOCK_CAPTURE_AUTORELEASING = YES;
				CLANG_WARN_BOOL_CONVERSION = YES;
				CLANG_WARN_COMMA = YES;
				CLANG_WARN_CONSTANT_CONVERSION = YES;
				CLANG_WARN_DEPRECATED_OBJC_IMPLEMENTATIONS = YES;
				CLANG_WARN_DIRECT_OBJC_ISA_USAGE = YES_ERROR;
				CLANG_WARN_DOCUMENTATION_COMMENTS = YES;
				CLANG_WARN_EMPTY_BODY = YES;
				CLANG_WARN_ENUM_CONVERSION = YES;
				CLANG_WARN_INFINITE_RECURSION = YES;
				CLANG_WARN_INT_CONVERSION = YES;
				CLANG_WARN_NON_LITERAL_NULL_CONVERSION = YES;
				CLANG_WARN_OBJC_IMPLICIT_RETAIN_SELF = YES;
				CLANG_WARN_OBJC_LITERAL_CONVERSION = YES;
				CLANG_WARN_OBJC_ROOT_CLASS = YES_ERROR;
				CLANG_WARN_RANGE_LOOP_ANALYSIS = YES;
				CLANG_WARN_STRICT_PROTOTYPES = YES;
				CLANG_WARN_SUSPICIOUS_MOVE = YES;
				CLANG_WARN_UNGUARDED_AVAILABILITY = YES_AGGRESSIVE;
				CLANG_WARN_UNREACHABLE_CODE = YES;
				CLANG_WARN__DUPLICATE_METHOD_MATCH = YES;
				CODE_SIGN_IDENTITY = "iPhone Developer";
				COPY_PHASE_STRIP = NO;
				DEBUG_INFORMATION_FORMAT = "dwarf-with-dsym";
				ENABLE_NS_ASSERTIONS = NO;
				ENABLE_STRICT_OBJC_MSGSEND = YES;
				GCC_C_LANGUAGE_STANDARD = gnu11;
				GCC_NO_COMMON_BLOCKS = YES;
				GCC_WARN_64_TO_32_BIT_CONVERSION = YES;
				GCC_WARN_ABOUT_RETURN_TYPE = YES_ERROR;
				GCC_WARN_UNDECLARED_SELECTOR = YES;
				GCC_WARN_UNINITIALIZED_AUTOS = YES_AGGRESSIVE;
				GCC_WARN_UNUSED_FUNCTION = YES;
				GCC_WARN_UNUSED_VARIABLE = YES;
				IPHONEOS_DEPLOYMENT_TARGET = 12.2;
				MTL_ENABLE_DEBUG_INFO = NO;
				MTL_FAST_MATH = YES;
				SDKROOT = iphoneos;
				SWIFT_COMPILATION_MODE = wholemodule;
				SWIFT_OPTIMIZATION_LEVEL = "-O";
				VALIDATE_PRODUCT = YES;
			};
			name = Release;
		};
		2290D97322EF39D2009DE230 /* Debug */ = {
			isa = XCBuildConfiguration;
			buildSettings = {
				ASSETCATALOG_COMPILER_APPICON_NAME = AppIcon;
				CODE_SIGN_STYLE = Automatic;
				DEVELOPMENT_TEAM = 6GQ97X8VVK;
				INFOPLIST_FILE = jujuTest/Info.plist;
				LD_RUNPATH_SEARCH_PATHS = (
					"$(inherited)",
					"@executable_path/Frameworks",
				);
				PRODUCT_BUNDLE_IDENTIFIER = itea.jujuTest;
				PRODUCT_NAME = "$(TARGET_NAME)";
				SWIFT_VERSION = 5.0;
				TARGETED_DEVICE_FAMILY = "1,2";
			};
			name = Debug;
		};
		2290D97422EF39D2009DE230 /* Release */ = {
			isa = XCBuildConfiguration;
			buildSettings = {
				ASSETCATALOG_COMPILER_APPICON_NAME = AppIcon;
				CODE_SIGN_STYLE = Automatic;
				DEVELOPMENT_TEAM = 6GQ97X8VVK;
				INFOPLIST_FILE = jujuTest/Info.plist;
				LD_RUNPATH_SEARCH_PATHS = (
					"$(inherited)",
					"@executable_path/Frameworks",
				);
				PRODUCT_BUNDLE_IDENTIFIER = itea.jujuTest;
				PRODUCT_NAME = "$(TARGET_NAME)";
				SWIFT_VERSION = 5.0;
				TARGETED_DEVICE_FAMILY = "1,2";
			};
			name = Release;
		};
/* End XCBuildConfiguration section */

/* Begin XCConfigurationList section */
		2290D95B22EF39CD009DE230 /* Build configuration list for PBXProject "jujuTest" */ = {
			isa = XCConfigurationList;
			buildConfigurations = (
				2290D97022EF39D2009DE230 /* Debug */,
				2290D97122EF39D2009DE230 /* Release */,
			);
			defaultConfigurationIsVisible = 0;
			defaultConfigurationName = Release;
		};
		2290D97222EF39D2009DE230 /* Build configuration list for PBXNativeTarget "jujuTest" */ = {
			isa = XCConfigurationList;
			buildConfigurations = (
				2290D97322EF39D2009DE230 /* Debug */,
				2290D97422EF39D2009DE230 /* Release */,
			);
			defaultConfigurationIsVisible = 0;
			defaultConfigurationName = Release;
		};
/* End XCConfigurationList section */
	};
	rootObject = 2290D95822EF39CD009DE230 /* Project object */;
}
